
Microsoft Visual Studio Solution File, Format Version 12.00
# Visual Studio 14
VisualStudioVersion = 14.0.25420.1
MinimumVisualStudioVersion = 10.0.40219.1
Project("{FAE04EC0-301F-11D3-BF4B-00C04F79EFBC}") = "Winium.Mobile.Driver", "Winium.Mobile.Driver\Winium.Mobile.Driver.csproj", "{B6BE579B-B008-45B2-9740-12F0E6223661}"
EndProject
Project("{FAE04EC0-301F-11D3-BF4B-00C04F79EFBC}") = "Winium.StoreApps.InnerServer", "Winium.StoreApps.InnerServer\Winium.StoreApps.InnerServer.csproj", "{E8683025-E703-4293-AA7E-3A9A3555BC40}"
EndProject
Project("{2150E333-8FDC-42A3-9474-1A3956D46DE8}") = ".nuget", ".nuget", "{825C37FB-87E0-43F9-9348-7E0989421A0F}"
	ProjectSection(SolutionItems) = preProject
		.nuget\NuGet.Config = .nuget\NuGet.Config
		.nuget\NuGet.exe = .nuget\NuGet.exe
		.nuget\NuGet.targets = .nuget\NuGet.targets
	EndProjectSection
EndProject
Project("{2150E333-8FDC-42A3-9474-1A3956D46DE8}") = "Solution Items", "Solution Items", "{7142A195-B911-4D94-B674-FBF4E896E6A3}"
	ProjectSection(SolutionItems) = preProject
		Settings.StyleCop = Settings.StyleCop
	EndProjectSection
EndProject
Project("{2150E333-8FDC-42A3-9474-1A3956D46DE8}") = "TestApp.StoreApps", "TestApp.StoreApps", "{FFEB6900-C198-494F-A915-4F6B23D942A1}"
EndProject
Project("{D954291E-2A0B-460D-934E-DC6B0785DB48}") = "TestApp.Shared", "TestApp.StoreApps\TestApp.Shared\TestApp.Shared.shproj", "{6783B309-B8DB-42D7-9358-8B7482B9550B}"
EndProject
Project("{FAE04EC0-301F-11D3-BF4B-00C04F79EFBC}") = "TestApp.Windows", "TestApp.StoreApps\TestApp.Windows\TestApp.Windows.csproj", "{89E0F534-8622-42DD-9846-5514E390694D}"
EndProject
Project("{FAE04EC0-301F-11D3-BF4B-00C04F79EFBC}") = "TestApp.WindowsPhone", "TestApp.StoreApps\TestApp.WindowsPhone\TestApp.WindowsPhone.csproj", "{10A0B15D-CA68-4A4F-83BC-639A62B5EF1E}"
EndProject
Project("{FAE04EC0-301F-11D3-BF4B-00C04F79EFBC}") = "Winium.StoreApps.Inspector", "Winium.StoreApps.Inspector\Winium.StoreApps.Inspector.csproj", "{C5261C5C-B5FB-43AC-A5BA-B67FF0634B3E}"
EndProject
Project("{FAE04EC0-301F-11D3-BF4B-00C04F79EFBC}") = "Samples", "TestApp.Test\Samples\Samples.csproj", "{2D005293-6FF8-4FE0-B6DD-73CA0A2C71F5}"
EndProject
Project("{2150E333-8FDC-42A3-9474-1A3956D46DE8}") = "TestApp.Test", "TestApp.Test", "{D446A9F7-47F1-463D-8F44-C7F982C4FEB4}"
EndProject
Project("{FAE04EC0-301F-11D3-BF4B-00C04F79EFBC}") = "Winium.Mobile.Connectivity", "Winium.Mobile.Connectivity\Winium.Mobile.Connectivity.csproj", "{DA38085E-F3DB-46EF-8889-D89283924917}"
EndProject
Project("{FAE04EC0-301F-11D3-BF4B-00C04F79EFBC}") = "Winium.Mobile.Logging", "Winium.Mobile.Logging\Winium.Mobile.Logging.csproj", "{DAC0EAFE-2FE0-4F33-B173-736C1BAFD707}"
EndProject
Project("{FAE04EC0-301F-11D3-BF4B-00C04F79EFBC}") = "Microsoft.Phone.Tools.Deploy.Patched", "Microsoft.Phone.Tools.Deploy.Patched\Microsoft.Phone.Tools.Deploy.Patched.csproj", "{13B4DF5C-E542-4A7A-8F00-929D423B522C}"
EndProject
Project("{FAE04EC0-301F-11D3-BF4B-00C04F79EFBC}") = "Winium.Mobile.Driver.Tests", "Winium.Mobile.Driver.Tests\Winium.Mobile.Driver.Tests.csproj", "{07168ED9-C12A-43F5-898F-84AB113A9441}"
EndProject
Project("{FAE04EC0-301F-11D3-BF4B-00C04F79EFBC}") = "Winium.StoreApps.InnerServer.Tests", "Winium.StoreApps.InnerServer.Tests\Winium.StoreApps.InnerServer.Tests.csproj", "{E5DEE502-3D2D-42BA-9505-632F6C304380}"
EndProject
Project("{2150E333-8FDC-42A3-9474-1A3956D46DE8}") = "Tests", "Tests", "{2BC2993B-C942-49BB-9D7D-D64ABE19DECE}"
EndProject
Project("{FAE04EC0-301F-11D3-BF4B-00C04F79EFBC}") = "Winium.Mobile.Common", "Winium.Mobile.Common\Winium.Mobile.Common.csproj", "{3C8D0B9C-576B-4778-97B1-6839AA944AEE}"
EndProject
Project("{FAE04EC0-301F-11D3-BF4B-00C04F79EFBC}") = "Winium.Silverlight.InnerServer", "Winium.Silverlight.InnerServer\Winium.Silverlight.InnerServer.csproj", "{BC2B2946-0F51-4C34-B8EB-1331BF076A70}"
EndProject
Project("{2150E333-8FDC-42A3-9474-1A3956D46DE8}") = "TestApp.Silverlight", "TestApp.Silverlight", "{8169BF53-ABC6-4E11-92BA-A14454AC065A}"
EndProject
Project("{FAE04EC0-301F-11D3-BF4B-00C04F79EFBC}") = "TestApp", "TestApp.Silverlight\TestApp.csproj", "{8A202F60-6343-4FEF-B838-FB7C668BA29D}"
EndProject
Global
	GlobalSection(SharedMSBuildProjectFiles) = preSolution
		TestApp.StoreApps\TestApp.Shared\TestApp.Shared.projitems*{10a0b15d-ca68-4a4f-83bc-639a62b5ef1e}*SharedItemsImports = 4
		TestApp.StoreApps\TestApp.Shared\TestApp.Shared.projitems*{6783b309-b8db-42d7-9358-8b7482b9550b}*SharedItemsImports = 13
		TestApp.StoreApps\TestApp.Shared\TestApp.Shared.projitems*{89e0f534-8622-42dd-9846-5514e390694d}*SharedItemsImports = 4
	EndGlobalSection
	GlobalSection(SolutionConfigurationPlatforms) = preSolution
		Debug|Any CPU = Debug|Any CPU
		Release|Any CPU = Release|Any CPU
	EndGlobalSection
	GlobalSection(ProjectConfigurationPlatforms) = postSolution
		{B6BE579B-B008-45B2-9740-12F0E6223661}.Debug|Any CPU.ActiveCfg = Debug|x86
		{B6BE579B-B008-45B2-9740-12F0E6223661}.Debug|Any CPU.Build.0 = Debug|x86
		{B6BE579B-B008-45B2-9740-12F0E6223661}.Release|Any CPU.ActiveCfg = Release|x86
		{B6BE579B-B008-45B2-9740-12F0E6223661}.Release|Any CPU.Build.0 = Release|x86
		{E8683025-E703-4293-AA7E-3A9A3555BC40}.Debug|Any CPU.ActiveCfg = Debug|Any CPU
		{E8683025-E703-4293-AA7E-3A9A3555BC40}.Debug|Any CPU.Build.0 = Debug|Any CPU
		{E8683025-E703-4293-AA7E-3A9A3555BC40}.Release|Any CPU.ActiveCfg = Release|Any CPU
		{E8683025-E703-4293-AA7E-3A9A3555BC40}.Release|Any CPU.Build.0 = Release|Any CPU
		{89E0F534-8622-42DD-9846-5514E390694D}.Debug|Any CPU.ActiveCfg = Debug|x86
		{89E0F534-8622-42DD-9846-5514E390694D}.Release|Any CPU.ActiveCfg = Release|x86
		{10A0B15D-CA68-4A4F-83BC-639A62B5EF1E}.Debug|Any CPU.ActiveCfg = Debug|Any CPU
		{10A0B15D-CA68-4A4F-83BC-639A62B5EF1E}.Debug|Any CPU.Build.0 = Debug|Any CPU
		{10A0B15D-CA68-4A4F-83BC-639A62B5EF1E}.Debug|Any CPU.Deploy.0 = Debug|Any CPU
		{10A0B15D-CA68-4A4F-83BC-639A62B5EF1E}.Release|Any CPU.ActiveCfg = Release|Any CPU
		{10A0B15D-CA68-4A4F-83BC-639A62B5EF1E}.Release|Any CPU.Build.0 = Release|Any CPU
		{10A0B15D-CA68-4A4F-83BC-639A62B5EF1E}.Release|Any CPU.Deploy.0 = Release|Any CPU
		{C5261C5C-B5FB-43AC-A5BA-B67FF0634B3E}.Debug|Any CPU.ActiveCfg = Debug|Any CPU
		{C5261C5C-B5FB-43AC-A5BA-B67FF0634B3E}.Debug|Any CPU.Build.0 = Debug|Any CPU
		{C5261C5C-B5FB-43AC-A5BA-B67FF0634B3E}.Release|Any CPU.ActiveCfg = Release|Any CPU
		{C5261C5C-B5FB-43AC-A5BA-B67FF0634B3E}.Release|Any CPU.Build.0 = Release|Any CPU
		{2D005293-6FF8-4FE0-B6DD-73CA0A2C71F5}.Debug|Any CPU.ActiveCfg = Debug|Any CPU
		{2D005293-6FF8-4FE0-B6DD-73CA0A2C71F5}.Debug|Any CPU.Build.0 = Debug|Any CPU
		{2D005293-6FF8-4FE0-B6DD-73CA0A2C71F5}.Release|Any CPU.ActiveCfg = Release|Any CPU
		{2D005293-6FF8-4FE0-B6DD-73CA0A2C71F5}.Release|Any CPU.Build.0 = Release|Any CPU
		{DA38085E-F3DB-46EF-8889-D89283924917}.Debug|Any CPU.ActiveCfg = Debug|x86
		{DA38085E-F3DB-46EF-8889-D89283924917}.Debug|Any CPU.Build.0 = Debug|x86
		{DA38085E-F3DB-46EF-8889-D89283924917}.Release|Any CPU.ActiveCfg = Release|x86
		{DA38085E-F3DB-46EF-8889-D89283924917}.Release|Any CPU.Build.0 = Release|x86
		{DAC0EAFE-2FE0-4F33-B173-736C1BAFD707}.Debug|Any CPU.ActiveCfg = Debug|Any CPU
		{DAC0EAFE-2FE0-4F33-B173-736C1BAFD707}.Debug|Any CPU.Build.0 = Debug|Any CPU
		{DAC0EAFE-2FE0-4F33-B173-736C1BAFD707}.Release|Any CPU.ActiveCfg = Release|Any CPU
		{DAC0EAFE-2FE0-4F33-B173-736C1BAFD707}.Release|Any CPU.Build.0 = Release|Any CPU
		{13B4DF5C-E542-4A7A-8F00-929D423B522C}.Debug|Any CPU.ActiveCfg = Debug|x86
		{13B4DF5C-E542-4A7A-8F00-929D423B522C}.Debug|Any CPU.Build.0 = Debug|x86
		{13B4DF5C-E542-4A7A-8F00-929D423B522C}.Release|Any CPU.ActiveCfg = Release|x86
		{13B4DF5C-E542-4A7A-8F00-929D423B522C}.Release|Any CPU.Build.0 = Release|x86
		{07168ED9-C12A-43F5-898F-84AB113A9441}.Debug|Any CPU.ActiveCfg = Debug|x86
		{07168ED9-C12A-43F5-898F-84AB113A9441}.Debug|Any CPU.Build.0 = Debug|x86
		{07168ED9-C12A-43F5-898F-84AB113A9441}.Release|Any CPU.ActiveCfg = Release|x86
		{07168ED9-C12A-43F5-898F-84AB113A9441}.Release|Any CPU.Build.0 = Release|x86
		{E5DEE502-3D2D-42BA-9505-632F6C304380}.Debug|Any CPU.ActiveCfg = Debug|x86
		{E5DEE502-3D2D-42BA-9505-632F6C304380}.Debug|Any CPU.Build.0 = Debug|x86
		{E5DEE502-3D2D-42BA-9505-632F6C304380}.Release|Any CPU.ActiveCfg = Release|x86
		{E5DEE502-3D2D-42BA-9505-632F6C304380}.Release|Any CPU.Build.0 = Release|x86
		{3C8D0B9C-576B-4778-97B1-6839AA944AEE}.Debug|Any CPU.ActiveCfg = Debug|Any CPU
		{3C8D0B9C-576B-4778-97B1-6839AA944AEE}.Debug|Any CPU.Build.0 = Debug|Any CPU
		{3C8D0B9C-576B-4778-97B1-6839AA944AEE}.Release|Any CPU.ActiveCfg = Release|Any CPU
		{3C8D0B9C-576B-4778-97B1-6839AA944AEE}.Release|Any CPU.Build.0 = Release|Any CPU
		{BC2B2946-0F51-4C34-B8EB-1331BF076A70}.Debug|Any CPU.ActiveCfg = Debug|Any CPU
		{BC2B2946-0F51-4C34-B8EB-1331BF076A70}.Debug|Any CPU.Build.0 = Debug|Any CPU
		{BC2B2946-0F51-4C34-B8EB-1331BF076A70}.Release|Any CPU.ActiveCfg = Release|Any CPU
		{BC2B2946-0F51-4C34-B8EB-1331BF076A70}.Release|Any CPU.Build.0 = Release|Any CPU
		{8A202F60-6343-4FEF-B838-FB7C668BA29D}.Debug|Any CPU.ActiveCfg = Debug|Any CPU
		{8A202F60-6343-4FEF-B838-FB7C668BA29D}.Debug|Any CPU.Build.0 = Debug|Any CPU
		{8A202F60-6343-4FEF-B838-FB7C668BA29D}.Debug|Any CPU.Deploy.0 = Debug|Any CPU
		{8A202F60-6343-4FEF-B838-FB7C668BA29D}.Release|Any CPU.ActiveCfg = Release|Any CPU
		{8A202F60-6343-4FEF-B838-FB7C668BA29D}.Release|Any CPU.Build.0 = Release|Any CPU
		{8A202F60-6343-4FEF-B838-FB7C668BA29D}.Release|Any CPU.Deploy.0 = Release|Any CPU
	EndGlobalSection
	GlobalSection(SolutionProperties) = preSolution
		HideSolutionNode = FALSE
	EndGlobalSection
	GlobalSection(NestedProjects) = preSolution
		{6783B309-B8DB-42D7-9358-8B7482B9550B} = {FFEB6900-C198-494F-A915-4F6B23D942A1}
		{89E0F534-8622-42DD-9846-5514E390694D} = {FFEB6900-C198-494F-A915-4F6B23D942A1}
		{10A0B15D-CA68-4A4F-83BC-639A62B5EF1E} = {FFEB6900-C198-494F-A915-4F6B23D942A1}
		{2D005293-6FF8-4FE0-B6DD-73CA0A2C71F5} = {D446A9F7-47F1-463D-8F44-C7F982C4FEB4}
		{07168ED9-C12A-43F5-898F-84AB113A9441} = {2BC2993B-C942-49BB-9D7D-D64ABE19DECE}
		{E5DEE502-3D2D-42BA-9505-632F6C304380} = {2BC2993B-C942-49BB-9D7D-D64ABE19DECE}
		{8A202F60-6343-4FEF-B838-FB7C668BA29D} = {8169BF53-ABC6-4E11-92BA-A14454AC065A}
	EndGlobalSection
EndGlobal
